# THIS IS AN AUTOGENERATED FILE. DO NOT EDIT THIS FILE DIRECTLY.
# yarn lockfile v1


"@types/helmet@^4.0.0":
  version "4.0.0"
  resolved "https://registry.yarnpkg.com/@types/helmet/-/helmet-4.0.0.tgz#af7af46de26abe368b85360769ae9938bfb2318a"
  integrity sha512-ONIn/nSNQA57yRge3oaMQESef/6QhoeX7llWeDli0UZIfz8TQMkfNPTXA8VnnyeA1WUjG2pGqdjEIueYonMdfQ==
  dependencies:
    helmet "*"

helmet@*, helmet@^5.1.1:
  version "5.1.1"
  resolved "https://registry.yarnpkg.com/helmet/-/helmet-5.1.1.tgz#609823c5c2e78aea62dd9afc8f544ca409da5e85"
  integrity sha512-/yX0oVZBggA9cLJh8aw3PPCfedBnbd7J2aowjzsaWwZh7/UFY0nccn/aHAggIgWUFfnykX8GKd3a1pSbrmlcVQ==
